
Microsoft Visual Studio Solution File, Format Version 12.00
# Visual Studio Version 17
VisualStudioVersion = 17.9.34310.174
MinimumVisualStudioVersion = 10.0.40219.1
Project("{9A19103F-16F7-4668-BE54-9A1E7A4F7556}") = "Meziantou.Moneiz", "src\Meziantou.Moneiz\Meziantou.Moneiz.csproj", "{051DC434-EBD3-4F1D-A090-B100E07C7372}"
EndProject
Project("{9A19103F-16F7-4668-BE54-9A1E7A4F7556}") = "Meziantou.Moneiz.Core", "src\Meziantou.Moneiz.Core\Meziantou.Moneiz.Core.csproj", "{00537C36-09E3-408D-AE63-F09F2AF97393}"
EndProject
Project("{2150E333-8FDC-42A3-9474-1A3956D46DE8}") = "src", "src", "{FF1F5957-AD48-4C6A-ABB5-233E04911A45}"
EndProject
Project("{2150E333-8FDC-42A3-9474-1A3956D46DE8}") = "tests", "tests", "{2BB5C7BE-E380-438C-84E6-38D350FE6E26}"
EndProject
Project("{9A19103F-16F7-4668-BE54-9A1E7A4F7556}") = "Meziantou.Moneiz.CoreTests", "tests\Meziantou.Moneiz.CoreTests\Meziantou.Moneiz.CoreTests.csproj", "{5D7D69B1-CBD0-4A08-A80A-11C2ACD124DC}"
EndProject
Project("{9A19103F-16F7-4668-BE54-9A1E7A4F7556}") = "Meziantou.Moneiz.ExchangeRatesGenerator", "src\Meziantou.Moneiz.ExchangeRatesGenerator\Meziantou.Moneiz.ExchangeRatesGenerator.csproj", "{E85F9048-4EC0-4D4D-B019-6B90C07130F9}"
EndProject
Global
	GlobalSection(SolutionConfigurationPlatforms) = preSolution
		Debug|Any CPU = Debug|Any CPU
		Release|Any CPU = Release|Any CPU
	EndGlobalSection
	GlobalSection(ProjectConfigurationPlatforms) = postSolution
		{051DC434-EBD3-4F1D-A090-B100E07C7372}.Debug|Any CPU.ActiveCfg = Debug|Any CPU
		{051DC434-EBD3-4F1D-A090-B100E07C7372}.Debug|Any CPU.Build.0 = Debug|Any CPU
		{051DC434-EBD3-4F1D-A090-B100E07C7372}.Release|Any CPU.ActiveCfg = Release|Any CPU
		{051DC434-EBD3-4F1D-A090-B100E07C7372}.Release|Any CPU.Build.0 = Release|Any CPU
		{00537C36-09E3-408D-AE63-F09F2AF97393}.Debug|Any CPU.ActiveCfg = Debug|Any CPU
		{00537C36-09E3-408D-AE63-F09F2AF97393}.Debug|Any CPU.Build.0 = Debug|Any CPU
		{00537C36-09E3-408D-AE63-F09F2AF97393}.Release|Any CPU.ActiveCfg = Release|Any CPU
		{00537C36-09E3-408D-AE63-F09F2AF97393}.Release|Any CPU.Build.0 = Release|Any CPU
		{5D7D69B1-CBD0-4A08-A80A-11C2ACD124DC}.Debug|Any CPU.ActiveCfg = Debug|Any CPU
		{5D7D69B1-CBD0-4A08-A80A-11C2ACD124DC}.Debug|Any CPU.Build.0 = Debug|Any CPU
		{5D7D69B1-CBD0-4A08-A80A-11C2ACD124DC}.Release|Any CPU.ActiveCfg = Release|Any CPU
		{5D7D69B1-CBD0-4A08-A80A-11C2ACD124DC}.Release|Any CPU.Build.0 = Release|Any CPU
		{E85F9048-4EC0-4D4D-B019-6B90C07130F9}.Debug|Any CPU.ActiveCfg = Debug|Any CPU
		{E85F9048-4EC0-4D4D-B019-6B90C07130F9}.Debug|Any CPU.Build.0 = Debug|Any CPU
		{E85F9048-4EC0-4D4D-B019-6B90C07130F9}.Release|Any CPU.ActiveCfg = Release|Any CPU
		{E85F9048-4EC0-4D4D-B019-6B90C07130F9}.Release|Any CPU.Build.0 = Release|Any CPU
	EndGlobalSection
	GlobalSection(SolutionProperties) = preSolution
		HideSolutionNode = FALSE
	EndGlobalSection
	GlobalSection(NestedProjects) = preSolution
		{051DC434-EBD3-4F1D-A090-B100E07C7372} = {FF1F5957-AD48-4C6A-ABB5-233E04911A45}
		{00537C36-09E3-408D-AE63-F09F2AF97393} = {FF1F5957-AD48-4C6A-ABB5-233E04911A45}
		{5D7D69B1-CBD0-4A08-A80A-11C2ACD124DC} = {2BB5C7BE-E380-438C-84E6-38D350FE6E26}
		{E85F9048-4EC0-4D4D-B019-6B90C07130F9} = {FF1F5957-AD48-4C6A-ABB5-233E04911A45}
	EndGlobalSection
	GlobalSection(ExtensibilityGlobals) = postSolution
		SolutionGuid = {1AF0DAAD-95D2-4D2B-A74F-8F9C0A33880C}
	EndGlobalSection
EndGlobal
